
Microsoft Visual Studio Solution File, Format Version 11.00
# Visual Studio 2010
# SharpDevelop 4.4
Project("{FD48973F-F585-4F70-812B-4D0503B36CE9}") = "program82a", "program82a\program82a.pyproj", "{EE12A867-9807-420A-A66C-3D897E498368}"
EndProject
Global
	GlobalSection(SolutionConfigurationPlatforms) = preSolution
		Debug|Any CPU = Debug|Any CPU
		Release|Any CPU = Release|Any CPU
	EndGlobalSection
	GlobalSection(ProjectConfigurationPlatforms) = postSolution
		{EE12A867-9807-420A-A66C-3D897E498368}.Debug|Any CPU.Build.0 = Debug|Any CPU
		{EE12A867-9807-420A-A66C-3D897E498368}.Debug|Any CPU.ActiveCfg = Debug|Any CPU
		{EE12A867-9807-420A-A66C-3D897E498368}.Release|Any CPU.Build.0 = Release|Any CPU
		{EE12A867-9807-420A-A66C-3D897E498368}.Release|Any CPU.ActiveCfg = Release|Any CPU
	EndGlobalSection
EndGlobal
