
Microsoft Visual Studio Solution File, Format Version 11.00
# Visual Studio 2010
# SharpDevelop 4.4
Project("{FD48973F-F585-4F70-812B-4D0503B36CE9}") = "program 162a", "program 162a.pyproj", "{F82078AF-0745-48EA-843C-26D9380E8DC0}"
EndProject
Global
	GlobalSection(SolutionConfigurationPlatforms) = preSolution
		Debug|Any CPU = Debug|Any CPU
		Release|Any CPU = Release|Any CPU
	EndGlobalSection
	GlobalSection(ProjectConfigurationPlatforms) = postSolution
		{F82078AF-0745-48EA-843C-26D9380E8DC0}.Debug|Any CPU.Build.0 = Debug|Any CPU
		{F82078AF-0745-48EA-843C-26D9380E8DC0}.Debug|Any CPU.ActiveCfg = Debug|Any CPU
		{F82078AF-0745-48EA-843C-26D9380E8DC0}.Release|Any CPU.Build.0 = Release|Any CPU
		{F82078AF-0745-48EA-843C-26D9380E8DC0}.Release|Any CPU.ActiveCfg = Release|Any CPU
	EndGlobalSection
EndGlobal
