
Microsoft Visual Studio Solution File, Format Version 11.00
# Visual Studio 2010
# SharpDevelop 4.4
Project("{FD48973F-F585-4F70-812B-4D0503B36CE9}") = "lang122a", "lang122a\lang122a.pyproj", "{CB783629-8031-4DB9-B520-3E0B1713A116}"
EndProject
Global
	GlobalSection(SolutionConfigurationPlatforms) = preSolution
		Debug|Any CPU = Debug|Any CPU
		Release|Any CPU = Release|Any CPU
	EndGlobalSection
	GlobalSection(ProjectConfigurationPlatforms) = postSolution
		{CB783629-8031-4DB9-B520-3E0B1713A116}.Debug|Any CPU.Build.0 = Debug|Any CPU
		{CB783629-8031-4DB9-B520-3E0B1713A116}.Debug|Any CPU.ActiveCfg = Debug|Any CPU
		{CB783629-8031-4DB9-B520-3E0B1713A116}.Release|Any CPU.Build.0 = Release|Any CPU
		{CB783629-8031-4DB9-B520-3E0B1713A116}.Release|Any CPU.ActiveCfg = Release|Any CPU
	EndGlobalSection
EndGlobal
