
Microsoft Visual Studio Solution File, Format Version 11.00
# Visual Studio 2010
# SharpDevelop 4.4
Project("{FD48973F-F585-4F70-812B-4D0503B36CE9}") = "lang122a", "lang122a.pyproj", "{D943CED0-AD28-4AD7-845A-CB7A4D8FECCC}"
EndProject
Global
	GlobalSection(SolutionConfigurationPlatforms) = preSolution
		Debug|Any CPU = Debug|Any CPU
		Release|Any CPU = Release|Any CPU
	EndGlobalSection
	GlobalSection(ProjectConfigurationPlatforms) = postSolution
		{D943CED0-AD28-4AD7-845A-CB7A4D8FECCC}.Debug|Any CPU.Build.0 = Debug|Any CPU
		{D943CED0-AD28-4AD7-845A-CB7A4D8FECCC}.Debug|Any CPU.ActiveCfg = Debug|Any CPU
		{D943CED0-AD28-4AD7-845A-CB7A4D8FECCC}.Release|Any CPU.Build.0 = Release|Any CPU
		{D943CED0-AD28-4AD7-845A-CB7A4D8FECCC}.Release|Any CPU.ActiveCfg = Release|Any CPU
	EndGlobalSection
EndGlobal
