
Microsoft Visual Studio Solution File, Format Version 11.00
# Visual Studio 2010
# SharpDevelop 4.4
Project("{FD48973F-F585-4F70-812B-4D0503B36CE9}") = "lang152a", "lang152a\lang152a.pyproj", "{7208C88D-EC40-4668-9DB6-67D5B0056A69}"
EndProject
Global
	GlobalSection(SolutionConfigurationPlatforms) = preSolution
		Debug|Any CPU = Debug|Any CPU
		Release|Any CPU = Release|Any CPU
	EndGlobalSection
	GlobalSection(ProjectConfigurationPlatforms) = postSolution
		{7208C88D-EC40-4668-9DB6-67D5B0056A69}.Debug|Any CPU.Build.0 = Debug|Any CPU
		{7208C88D-EC40-4668-9DB6-67D5B0056A69}.Debug|Any CPU.ActiveCfg = Debug|Any CPU
		{7208C88D-EC40-4668-9DB6-67D5B0056A69}.Release|Any CPU.Build.0 = Release|Any CPU
		{7208C88D-EC40-4668-9DB6-67D5B0056A69}.Release|Any CPU.ActiveCfg = Release|Any CPU
	EndGlobalSection
EndGlobal
