
Microsoft Visual Studio Solution File, Format Version 11.00
# Visual Studio 2010
# SharpDevelop 4.4
Project("{FD48973F-F585-4F70-812B-4D0503B36CE9}") = "lang58t", "lang58t\lang58t.pyproj", "{19444215-F788-42AA-A958-FA7BD54DBE7A}"
EndProject
Global
	GlobalSection(SolutionConfigurationPlatforms) = preSolution
		Debug|Any CPU = Debug|Any CPU
		Release|Any CPU = Release|Any CPU
	EndGlobalSection
	GlobalSection(ProjectConfigurationPlatforms) = postSolution
		{19444215-F788-42AA-A958-FA7BD54DBE7A}.Debug|Any CPU.Build.0 = Debug|Any CPU
		{19444215-F788-42AA-A958-FA7BD54DBE7A}.Debug|Any CPU.ActiveCfg = Debug|Any CPU
		{19444215-F788-42AA-A958-FA7BD54DBE7A}.Release|Any CPU.Build.0 = Release|Any CPU
		{19444215-F788-42AA-A958-FA7BD54DBE7A}.Release|Any CPU.ActiveCfg = Release|Any CPU
	EndGlobalSection
EndGlobal
