
Microsoft Visual Studio Solution File, Format Version 11.00
# Visual Studio 2010
# SharpDevelop 4.4
Project("{FD48973F-F585-4F70-812B-4D0503B36CE9}") = "lp4-1", "lp4-1\lp4-1.pyproj", "{9DE2D51B-A769-454C-AC53-B0EEFB3DC724}"
EndProject
Global
	GlobalSection(SolutionConfigurationPlatforms) = preSolution
		Debug|Any CPU = Debug|Any CPU
		Release|Any CPU = Release|Any CPU
	EndGlobalSection
	GlobalSection(ProjectConfigurationPlatforms) = postSolution
		{9DE2D51B-A769-454C-AC53-B0EEFB3DC724}.Debug|Any CPU.Build.0 = Debug|Any CPU
		{9DE2D51B-A769-454C-AC53-B0EEFB3DC724}.Debug|Any CPU.ActiveCfg = Debug|Any CPU
		{9DE2D51B-A769-454C-AC53-B0EEFB3DC724}.Release|Any CPU.Build.0 = Release|Any CPU
		{9DE2D51B-A769-454C-AC53-B0EEFB3DC724}.Release|Any CPU.ActiveCfg = Release|Any CPU
	EndGlobalSection
EndGlobal
