
Microsoft Visual Studio Solution File, Format Version 11.00
# Visual Studio 2010
# SharpDevelop 4.4
Project("{FD48973F-F585-4F70-812B-4D0503B36CE9}") = "about me", "about me\about me.pyproj", "{52DF96F3-F00E-4C53-ABCD-F0D708BB1415}"
EndProject
Global
	GlobalSection(SolutionConfigurationPlatforms) = preSolution
		Debug|Any CPU = Debug|Any CPU
		Release|Any CPU = Release|Any CPU
	EndGlobalSection
	GlobalSection(ProjectConfigurationPlatforms) = postSolution
		{52DF96F3-F00E-4C53-ABCD-F0D708BB1415}.Debug|Any CPU.Build.0 = Debug|Any CPU
		{52DF96F3-F00E-4C53-ABCD-F0D708BB1415}.Debug|Any CPU.ActiveCfg = Debug|Any CPU
		{52DF96F3-F00E-4C53-ABCD-F0D708BB1415}.Release|Any CPU.Build.0 = Release|Any CPU
		{52DF96F3-F00E-4C53-ABCD-F0D708BB1415}.Release|Any CPU.ActiveCfg = Release|Any CPU
	EndGlobalSection
EndGlobal
