
Microsoft Visual Studio Solution File, Format Version 11.00
# Visual Studio 2010
# SharpDevelop 4.4
Project("{FD48973F-F585-4F70-812B-4D0503B36CE9}") = "lang58b", "lang58b\lang58b.pyproj", "{6BF90C4B-6DA2-481C-B8D6-786112786492}"
EndProject
Global
	GlobalSection(SolutionConfigurationPlatforms) = preSolution
		Debug|Any CPU = Debug|Any CPU
		Release|Any CPU = Release|Any CPU
	EndGlobalSection
	GlobalSection(ProjectConfigurationPlatforms) = postSolution
		{6BF90C4B-6DA2-481C-B8D6-786112786492}.Debug|Any CPU.Build.0 = Debug|Any CPU
		{6BF90C4B-6DA2-481C-B8D6-786112786492}.Debug|Any CPU.ActiveCfg = Debug|Any CPU
		{6BF90C4B-6DA2-481C-B8D6-786112786492}.Release|Any CPU.Build.0 = Release|Any CPU
		{6BF90C4B-6DA2-481C-B8D6-786112786492}.Release|Any CPU.ActiveCfg = Release|Any CPU
	EndGlobalSection
EndGlobal
